
Microsoft Visual Studio Solution File, Format Version 12.00
# Visual Studio Version 17
VisualStudioVersion = 17.0.32126.317
MinimumVisualStudioVersion = 10.0.40219.1
Project("{FAE04EC0-301F-11D3-BF4B-00C04F79EFBC}") = "xamarinStudentApp.Android", "xamarinStudentApp.Android\xamarinStudentApp.Android.csproj", "{533A907A-F353-42FC-A429-E2506C95EA78}"
EndProject
Project("{FAE04EC0-301F-11D3-BF4B-00C04F79EFBC}") = "xamarinStudentApp.iOS", "xamarinStudentApp.iOS\xamarinStudentApp.iOS.csproj", "{CF3D6484-4074-470A-8B21-43B8369B6EA4}"
EndProject
Project("{FAE04EC0-301F-11D3-BF4B-00C04F79EFBC}") = "xamarinStudentApp", "xamarinStudentApp\xamarinStudentApp.csproj", "{78C4472A-B2C6-45ED-959F-2260BD485658}"
EndProject
Global
	GlobalSection(SolutionConfigurationPlatforms) = preSolution
		Debug|Any CPU = Debug|Any CPU
		Debug|iPhone = Debug|iPhone
		Debug|iPhoneSimulator = Debug|iPhoneSimulator
		Release|Any CPU = Release|Any CPU
		Release|iPhone = Release|iPhone
		Release|iPhoneSimulator = Release|iPhoneSimulator
	EndGlobalSection
	GlobalSection(ProjectConfigurationPlatforms) = postSolution
		{533A907A-F353-42FC-A429-E2506C95EA78}.Debug|Any CPU.ActiveCfg = Debug|Any CPU
		{533A907A-F353-42FC-A429-E2506C95EA78}.Debug|Any CPU.Build.0 = Debug|Any CPU
		{533A907A-F353-42FC-A429-E2506C95EA78}.Debug|Any CPU.Deploy.0 = Debug|Any CPU
		{533A907A-F353-42FC-A429-E2506C95EA78}.Debug|iPhone.ActiveCfg = Debug|Any CPU
		{533A907A-F353-42FC-A429-E2506C95EA78}.Debug|iPhone.Build.0 = Debug|Any CPU
		{533A907A-F353-42FC-A429-E2506C95EA78}.Debug|iPhone.Deploy.0 = Debug|Any CPU
		{533A907A-F353-42FC-A429-E2506C95EA78}.Debug|iPhoneSimulator.ActiveCfg = Debug|Any CPU
		{533A907A-F353-42FC-A429-E2506C95EA78}.Debug|iPhoneSimulator.Build.0 = Debug|Any CPU
		{533A907A-F353-42FC-A429-E2506C95EA78}.Debug|iPhoneSimulator.Deploy.0 = Debug|Any CPU
		{533A907A-F353-42FC-A429-E2506C95EA78}.Release|Any CPU.ActiveCfg = Release|Any CPU
		{533A907A-F353-42FC-A429-E2506C95EA78}.Release|Any CPU.Build.0 = Release|Any CPU
		{533A907A-F353-42FC-A429-E2506C95EA78}.Release|Any CPU.Deploy.0 = Release|Any CPU
		{533A907A-F353-42FC-A429-E2506C95EA78}.Release|iPhone.ActiveCfg = Release|Any CPU
		{533A907A-F353-42FC-A429-E2506C95EA78}.Release|iPhone.Build.0 = Release|Any CPU
		{533A907A-F353-42FC-A429-E2506C95EA78}.Release|iPhone.Deploy.0 = Release|Any CPU
		{533A907A-F353-42FC-A429-E2506C95EA78}.Release|iPhoneSimulator.ActiveCfg = Release|Any CPU
		{533A907A-F353-42FC-A429-E2506C95EA78}.Release|iPhoneSimulator.Build.0 = Release|Any CPU
		{533A907A-F353-42FC-A429-E2506C95EA78}.Release|iPhoneSimulator.Deploy.0 = Release|Any CPU
		{CF3D6484-4074-470A-8B21-43B8369B6EA4}.Debug|Any CPU.ActiveCfg = Debug|iPhone
		{CF3D6484-4074-470A-8B21-43B8369B6EA4}.Debug|Any CPU.Build.0 = Debug|iPhone
		{CF3D6484-4074-470A-8B21-43B8369B6EA4}.Debug|Any CPU.Deploy.0 = Debug|iPhone
		{CF3D6484-4074-470A-8B21-43B8369B6EA4}.Debug|iPhone.ActiveCfg = Debug|iPhone
		{CF3D6484-4074-470A-8B21-43B8369B6EA4}.Debug|iPhone.Build.0 = Debug|iPhone
		{CF3D6484-4074-470A-8B21-43B8369B6EA4}.Debug|iPhone.Deploy.0 = Debug|iPhone
		{CF3D6484-4074-470A-8B21-43B8369B6EA4}.Debug|iPhoneSimulator.ActiveCfg = Debug|iPhoneSimulator
		{CF3D6484-4074-470A-8B21-43B8369B6EA4}.Debug|iPhoneSimulator.Build.0 = Debug|iPhoneSimulator
		{CF3D6484-4074-470A-8B21-43B8369B6EA4}.Debug|iPhoneSimulator.Deploy.0 = Debug|iPhoneSimulator
		{CF3D6484-4074-470A-8B21-43B8369B6EA4}.Release|Any CPU.ActiveCfg = Release|iPhoneSimulator
		{CF3D6484-4074-470A-8B21-43B8369B6EA4}.Release|Any CPU.Build.0 = Release|iPhoneSimulator
		{CF3D6484-4074-470A-8B21-43B8369B6EA4}.Release|Any CPU.Deploy.0 = Release|iPhoneSimulator
		{CF3D6484-4074-470A-8B21-43B8369B6EA4}.Release|iPhone.ActiveCfg = Release|iPhone
		{CF3D6484-4074-470A-8B21-43B8369B6EA4}.Release|iPhone.Build.0 = Release|iPhone
		{CF3D6484-4074-470A-8B21-43B8369B6EA4}.Release|iPhone.Deploy.0 = Release|iPhone
		{CF3D6484-4074-470A-8B21-43B8369B6EA4}.Release|iPhoneSimulator.ActiveCfg = Release|iPhoneSimulator
		{CF3D6484-4074-470A-8B21-43B8369B6EA4}.Release|iPhoneSimulator.Build.0 = Release|iPhoneSimulator
		{CF3D6484-4074-470A-8B21-43B8369B6EA4}.Release|iPhoneSimulator.Deploy.0 = Release|iPhoneSimulator
		{78C4472A-B2C6-45ED-959F-2260BD485658}.Debug|Any CPU.ActiveCfg = Debug|Any CPU
		{78C4472A-B2C6-45ED-959F-2260BD485658}.Debug|Any CPU.Build.0 = Debug|Any CPU
		{78C4472A-B2C6-45ED-959F-2260BD485658}.Debug|Any CPU.Deploy.0 = Debug|Any CPU
		{78C4472A-B2C6-45ED-959F-2260BD485658}.Debug|iPhone.ActiveCfg = Debug|Any CPU
		{78C4472A-B2C6-45ED-959F-2260BD485658}.Debug|iPhone.Build.0 = Debug|Any CPU
		{78C4472A-B2C6-45ED-959F-2260BD485658}.Debug|iPhone.Deploy.0 = Debug|Any CPU
		{78C4472A-B2C6-45ED-959F-2260BD485658}.Debug|iPhoneSimulator.ActiveCfg = Debug|Any CPU
		{78C4472A-B2C6-45ED-959F-2260BD485658}.Debug|iPhoneSimulator.Build.0 = Debug|Any CPU
		{78C4472A-B2C6-45ED-959F-2260BD485658}.Debug|iPhoneSimulator.Deploy.0 = Debug|Any CPU
		{78C4472A-B2C6-45ED-959F-2260BD485658}.Release|Any CPU.ActiveCfg = Release|Any CPU
		{78C4472A-B2C6-45ED-959F-2260BD485658}.Release|Any CPU.Build.0 = Release|Any CPU
		{78C4472A-B2C6-45ED-959F-2260BD485658}.Release|Any CPU.Deploy.0 = Release|Any CPU
		{78C4472A-B2C6-45ED-959F-2260BD485658}.Release|iPhone.ActiveCfg = Release|Any CPU
		{78C4472A-B2C6-45ED-959F-2260BD485658}.Release|iPhone.Build.0 = Release|Any CPU
		{78C4472A-B2C6-45ED-959F-2260BD485658}.Release|iPhone.Deploy.0 = Release|Any CPU
		{78C4472A-B2C6-45ED-959F-2260BD485658}.Release|iPhoneSimulator.ActiveCfg = Release|Any CPU
		{78C4472A-B2C6-45ED-959F-2260BD485658}.Release|iPhoneSimulator.Build.0 = Release|Any CPU
		{78C4472A-B2C6-45ED-959F-2260BD485658}.Release|iPhoneSimulator.Deploy.0 = Release|Any CPU
	EndGlobalSection
	GlobalSection(SolutionProperties) = preSolution
		HideSolutionNode = FALSE
	EndGlobalSection
	GlobalSection(ExtensibilityGlobals) = postSolution
		SolutionGuid = {A257CF12-7011-4327-93A6-E876E115DF0D}
	EndGlobalSection
EndGlobal
